
Microsoft Visual Studio Solution File, Format Version 12.00
# Visual Studio Version 17
VisualStudioVersion = 17.0.31903.59
MinimumVisualStudioVersion = 10.0.40219.1
Project("{FAE04EC0-301F-11D3-BF4B-00C04F79EFBC}") = "FastExplorer", "FastExplorer.csproj", "{CF90B485-52EB-4D39-9A63-505DF150FE1F}"
EndProject
Project("{FAE04EC0-301F-11D3-BF4B-00C04F79EFBC}") = "FastExplorer.Tests", "FastExplorer.Tests\FastExplorer.Tests.csproj", "{CBEB1468-A137-4522-86DC-83ED82372665}"
EndProject
Global
	GlobalSection(SolutionConfigurationPlatforms) = preSolution
		Debug|Any CPU = Debug|Any CPU
		Release|Any CPU = Release|Any CPU
	EndGlobalSection
	GlobalSection(SolutionProperties) = preSolution
		HideSolutionNode = FALSE
	EndGlobalSection
	GlobalSection(ProjectConfigurationPlatforms) = postSolution
		{CF90B485-52EB-4D39-9A63-505DF150FE1F}.Debug|Any CPU.ActiveCfg = Debug|x64
		{CF90B485-52EB-4D39-9A63-505DF150FE1F}.Debug|Any CPU.Build.0 = Debug|x64
		{CF90B485-52EB-4D39-9A63-505DF150FE1F}.Release|Any CPU.ActiveCfg = Release|x64
		{CF90B485-52EB-4D39-9A63-505DF150FE1F}.Release|Any CPU.Build.0 = Release|x64
		{CBEB1468-A137-4522-86DC-83ED82372665}.Debug|Any CPU.ActiveCfg = Debug|Any CPU
		{CBEB1468-A137-4522-86DC-83ED82372665}.Debug|Any CPU.Build.0 = Debug|Any CPU
		{CBEB1468-A137-4522-86DC-83ED82372665}.Release|Any CPU.ActiveCfg = Release|Any CPU
		{CBEB1468-A137-4522-86DC-83ED82372665}.Release|Any CPU.Build.0 = Release|Any CPU
	EndGlobalSection
EndGlobal
